// !$*UTF8*$!
{
	archiveVersion = 1;
	classes = {
	};
	objectVersion = 50;
	objects = {

/* Begin PBXBuildFile section */
		49F5DF88257448BD0006E20E /* AppDelegate.swift in Sources */ = {isa = PBXBuildFile; fileRef = 49F5DF87257448BD0006E20E /* AppDelegate.swift */; };
		49F5DF8A257448BD0006E20E /* ContentView.swift in Sources */ = {isa = PBXBuildFile; fileRef = 49F5DF89257448BD0006E20E /* ContentView.swift */; };
		49F5DF8C257448BF0006E20E /* Assets.xcassets in Resources */ = {isa = PBXBuildFile; fileRef = 49F5DF8B257448BF0006E20E /* Assets.xcassets */; };
		49F5DF8F257448BF0006E20E /* Preview Assets.xcassets in Resources */ = {isa = PBXBuildFile; fileRef = 49F5DF8E257448BF0006E20E /* Preview Assets.xcassets */; };
		49F5DF92257448BF0006E20E /* Main.storyboard in Resources */ = {isa = PBXBuildFile; fileRef = 49F5DF90257448BF0006E20E /* Main.storyboard */; };
		49F5DF9C257450D30006E20E /* AppData.swift in Sources */ = {isa = PBXBuildFile; fileRef = 49F5DF9B257450D30006E20E /* AppData.swift */; };
/* End PBXBuildFile section */

/* Begin PBXFileReference section */
		49F5DF84257448BD0006E20E /* floating-clock.app */ = {isa = PBXFileReference; explicitFileType = wrapper.application; includeInIndex = 0; path = "floating-clock.app"; sourceTree = BUILT_PRODUCTS_DIR; };
		49F5DF87257448BD0006E20E /* AppDelegate.swift */ = {isa = PBXFileReference; lastKnownFileType = sourcecode.swift; path = AppDelegate.swift; sourceTree = "<group>"; };
		49F5DF89257448BD0006E20E /* ContentView.swift */ = {isa = PBXFileReference; lastKnownFileType = sourcecode.swift; path = ContentView.swift; sourceTree = "<group>"; };
		49F5DF8B257448BF0006E20E /* Assets.xcassets */ = {isa = PBXFileReference; lastKnownFileType = folder.assetcatalog; path = Assets.xcassets; sourceTree = "<group>"; };
		49F5DF8E257448BF0006E20E /* Preview Assets.xcassets */ = {isa = PBXFileReference; lastKnownFileType = folder.assetcatalog; path = "Preview Assets.xcassets"; sourceTree = "<group>"; };
		49F5DF91257448BF0006E20E /* Base */ = {isa = PBXFileReference; lastKnownFileType = file.storyboard; name = Base; path = Base.lproj/Main.storyboard; sourceTree = "<group>"; };
		49F5DF93257448BF0006E20E /* Info.plist */ = {isa = PBXFileReference; lastKnownFileType = text.plist.xml; path = Info.plist; sourceTree = "<group>"; };
		49F5DF94257448BF0006E20E /* floating_clock.entitlements */ = {isa = PBXFileReference; lastKnownFileType = text.plist.entitlements; path = floating_clock.entitlements; sourceTree = "<group>"; };
		49F5DF9B257450D30006E20E /* AppData.swift */ = {isa = PBXFileReference; lastKnownFileType = sourcecode.swift; path = AppData.swift; sourceTree = "<group>"; };
/* End PBXFileReference section */

/* Begin PBXFrameworksBuildPhase section */
		49F5DF81257448BD0006E20E /* Frameworks */ = {
			isa = PBXFrameworksBuildPhase;
			buildActionMask = 2147483647;
			files = (
			);
			runOnlyForDeploymentPostprocessing = 0;
		};
/* End PBXFrameworksBuildPhase section */

/* Begin PBXGroup section */
		49F5DF7B257448BD0006E20E = {
			isa = PBXGroup;
			children = (
				49F5DF86257448BD0006E20E /* floating-clock */,
				49F5DF85257448BD0006E20E /* Products */,
			);
			sourceTree = "<group>";
		};
		49F5DF85257448BD0006E20E /* Products */ = {
			isa = PBXGroup;
			children = (
				49F5DF84257448BD0006E20E /* floating-clock.app */,
			);
			name = Products;
			sourceTree = "<group>";
		};
		49F5DF86257448BD0006E20E /* floating-clock */ = {
			isa = PBXGroup;
			children = (
				49F5DF87257448BD0006E20E /* AppDelegate.swift */,
				49F5DF89257448BD0006E20E /* ContentView.swift */,
				49F5DF8B257448BF0006E20E /* Assets.xcassets */,
				49F5DF90257448BF0006E20E /* Main.storyboard */,
				49F5DF93257448BF0006E20E /* Info.plist */,
				49F5DF94257448BF0006E20E /* floating_clock.entitlements */,
				49F5DF8D257448BF0006E20E /* Preview Content */,
				49F5DF9B257450D30006E20E /* AppData.swift */,
			);
			path = "floating-clock";
			sourceTree = "<group>";
		};
		49F5DF8D257448BF0006E20E /* Preview Content */ = {
			isa = PBXGroup;
			children = (
				49F5DF8E257448BF0006E20E /* Preview Assets.xcassets */,
			);
			path = "Preview Content";
			sourceTree = "<group>";
		};
/* End PBXGroup section */

/* Begin PBXNativeTarget section */
		49F5DF83257448BD0006E20E /* floating-clock */ = {
			isa = PBXNativeTarget;
			buildConfigurationList = 49F5DF97257448BF0006E20E /* Build configuration list for PBXNativeTarget "floating-clock" */;
			buildPhases = (
				49F5DF80257448BD0006E20E /* Sources */,
				49F5DF81257448BD0006E20E /* Frameworks */,
				49F5DF82257448BD0006E20E /* Resources */,
			);
			buildRules = (
			);
			dependencies = (
			);
			name = "floating-clock";
			productName = "floating-clock";
			productReference = 49F5DF84257448BD0006E20E /* floating-clock.app */;
			productType = "com.apple.product-type.application";
		};
/* End PBXNativeTarget section */

/* Begin PBXProject section */
		49F5DF7C257448BD0006E20E /* Project object */ = {
			isa = PBXProject;
			attributes = {
				LastSwiftUpdateCheck = 1220;
				LastUpgradeCheck = 1220;
				TargetAttributes = {
					49F5DF83257448BD0006E20E = {
						CreatedOnToolsVersion = 12.2;
					};
				};
			};
			buildConfigurationList = 49F5DF7F257448BD0006E20E /* Build configuration list for PBXProject "floating-clock" */;
			compatibilityVersion = "Xcode 9.3";
			developmentRegion = en;
			hasScannedForEncodings = 0;
			knownRegions = (
				en,
				Base,
			);
			mainGroup = 49F5DF7B257448BD0006E20E;
			productRefGroup = 49F5DF85257448BD0006E20E /* Products */;
			projectDirPath = "";
			projectRoot = "";
			targets = (
				49F5DF83257448BD0006E20E /* floating-clock */,
			);
		};
/* End PBXProject section */

/* Begin PBXResourcesBuildPhase section */
		49F5DF82257448BD0006E20E /* Resources */ = {
			isa = PBXResourcesBuildPhase;
			buildActionMask = 2147483647;
			files = (
				49F5DF92257448BF0006E20E /* Main.storyboard in Resources */,
				49F5DF8F257448BF0006E20E /* Preview Assets.xcassets in Resources */,
				49F5DF8C257448BF0006E20E /* Assets.xcassets in Resources */,
			);
			runOnlyForDeploymentPostprocessing = 0;
		};
/* End PBXResourcesBuildPhase section */

/* Begin PBXSourcesBuildPhase section */
		49F5DF80257448BD0006E20E /* Sources */ = {
			isa = PBXSourcesBuildPhase;
			buildActionMask = 2147483647;
			files = (
				49F5DF8A257448BD0006E20E /* ContentView.swift in Sources */,
				49F5DF88257448BD0006E20E /* AppDelegate.swift in Sources */,
				49F5DF9C257450D30006E20E /* AppData.swift in Sources */,
			);
			runOnlyForDeploymentPostprocessing = 0;
		};
/* End PBXSourcesBuildPhase section */

/* Begin PBXVariantGroup section */
		49F5DF90257448BF0006E20E /* Main.storyboard */ = {
			isa = PBXVariantGroup;
			children = (
				49F5DF91257448BF0006E20E /* Base */,
			);
			name = Main.storyboard;
			sourceTree = "<group>";
		};
/* End PBXVariantGroup section */

/* Begin XCBuildConfiguration section */
		49F5DF95257448BF0006E20E /* Debug */ = {
			isa = XCBuildConfiguration;
			buildSettings = {
				ALWAYS_SEARCH_USER_PATHS = NO;
				CLANG_ANALYZER_NONNULL = YES;
				CLANG_ANALYZER_NUMBER_OBJECT_CONVERSION = YES_AGGRESSIVE;
				CLANG_CXX_LANGUAGE_STANDARD = "gnu++14";
				CLANG_CXX_LIBRARY = "libc++";
				CLANG_ENABLE_MODULES = YES;
				CLANG_ENABLE_OBJC_ARC = YES;
				CLANG_ENABLE_OBJC_WEAK = YES;
				CLANG_WARN_BLOCK_CAPTURE_AUTORELEASING = YES;
				CLANG_WARN_BOOL_CONVERSION = YES;
				CLANG_WARN_COMMA = YES;
				CLANG_WARN_CONSTANT_CONVERSION = YES;
				CLANG_WARN_DEPRECATED_OBJC_IMPLEMENTATIONS = YES;
				CLANG_WARN_DIRECT_OBJC_ISA_USAGE = YES_ERROR;
				CLANG_WARN_DOCUMENTATION_COMMENTS = YES;
				CLANG_WARN_EMPTY_BODY = YES;
				CLANG_WARN_ENUM_CONVERSION = YES;
				CLANG_WARN_INFINITE_RECURSION = YES;
				CLANG_WARN_INT_CONVERSION = YES;
				CLANG_WARN_NON_LITERAL_NULL_CONVERSION = YES;
				CLANG_WARN_OBJC_IMPLICIT_RETAIN_SELF = YES;
				CLANG_WARN_OBJC_LITERAL_CONVERSION = YES;
				CLANG_WARN_OBJC_ROOT_CLASS = YES_ERROR;
				CLANG_WARN_QUOTED_INCLUDE_IN_FRAMEWORK_HEADER = YES;
				CLANG_WARN_RANGE_LOOP_ANALYSIS = YES;
				CLANG_WARN_STRICT_PROTOTYPES = YES;
				CLANG_WARN_SUSPICIOUS_MOVE = YES;
				CLANG_WARN_UNGUARDED_AVAILABILITY = YES_AGGRESSIVE;
				CLANG_WARN_UNREACHABLE_CODE = YES;
				CLANG_WARN__DUPLICATE_METHOD_MATCH = YES;
				COPY_PHASE_STRIP = NO;
				DEBUG_INFORMATION_FORMAT = dwarf;
				ENABLE_STRICT_OBJC_MSGSEND = YES;
				ENABLE_TESTABILITY = YES;
				GCC_C_LANGUAGE_STANDARD = gnu11;
				GCC_DYNAMIC_NO_PIC = NO;
				GCC_NO_COMMON_BLOCKS = YES;
				GCC_OPTIMIZATION_LEVEL = 0;
				GCC_PREPROCESSOR_DEFINITIONS = (
					"DEBUG=1",
					"$(inherited)",
				);
				GCC_WARN_64_TO_32_BIT_CONVERSION = YES;
				GCC_WARN_ABOUT_RETURN_TYPE = YES_ERROR;
				GCC_WARN_UNDECLARED_SELECTOR = YES;
				GCC_WARN_UNINITIALIZED_AUTOS = YES_AGGRESSIVE;
				GCC_WARN_UNUSED_FUNCTION = YES;
				GCC_WARN_UNUSED_VARIABLE = YES;
				MACOSX_DEPLOYMENT_TARGET = 11.0;
				MTL_ENABLE_DEBUG_INFO = INCLUDE_SOURCE;
				MTL_FAST_MATH = YES;
				ONLY_ACTIVE_ARCH = YES;
				SDKROOT = macosx;
				SWIFT_ACTIVE_COMPILATION_CONDITIONS = DEBUG;
				SWIFT_OPTIMIZATION_LEVEL = "-Onone";
			};
			name = Debug;
		};
		49F5DF96257448BF0006E20E /* Release */ = {
			isa = XCBuildConfiguration;
			buildSettings = {
				ALWAYS_SEARCH_USER_PATHS = NO;
				CLANG_ANALYZER_NONNULL = YES;
				CLANG_ANALYZER_NUMBER_OBJECT_CONVERSION = YES_AGGRESSIVE;
				CLANG_CXX_LANGUAGE_STANDARD = "gnu++14";
				CLANG_CXX_LIBRARY = "libc++";
				CLANG_ENABLE_MODULES = YES;
				CLANG_ENABLE_OBJC_ARC = YES;
				CLANG_ENABLE_OBJC_WEAK = YES;
				CLANG_WARN_BLOCK_CAPTURE_AUTORELEASING = YES;
				CLANG_WARN_BOOL_CONVERSION = YES;
				CLANG_WARN_COMMA = YES;
				CLANG_WARN_CONSTANT_CONVERSION = YES;
				CLANG_WARN_DEPRECATED_OBJC_IMPLEMENTATIONS = YES;
				CLANG_WARN_DIRECT_OBJC_ISA_USAGE = YES_ERROR;
				CLANG_WARN_DOCUMENTATION_COMMENTS = YES;
				CLANG_WARN_EMPTY_BODY = YES;
				CLANG_WARN_ENUM_CONVERSION = YES;
				CLANG_WARN_INFINITE_RECURSION = YES;
				CLANG_WARN_INT_CONVERSION = YES;
				CLANG_WARN_NON_LITERAL_NULL_CONVERSION = YES;
				CLANG_WARN_OBJC_IMPLICIT_RETAIN_SELF = YES;
				CLANG_WARN_OBJC_LITERAL_CONVERSION = YES;
				CLANG_WARN_OBJC_ROOT_CLASS = YES_ERROR;
				CLANG_WARN_QUOTED_INCLUDE_IN_FRAMEWORK_HEADER = YES;
				CLANG_WARN_RANGE_LOOP_ANALYSIS = YES;
				CLANG_WARN_STRICT_PROTOTYPES = YES;
				CLANG_WARN_SUSPICIOUS_MOVE = YES;
				CLANG_WARN_UNGUARDED_AVAILABILITY = YES_AGGRESSIVE;
				CLANG_WARN_UNREACHABLE_CODE = YES;
				CLANG_WARN__DUPLICATE_METHOD_MATCH = YES;
				COPY_PHASE_STRIP = NO;
				DEBUG_INFORMATION_FORMAT = "dwarf-with-dsym";
				ENABLE_NS_ASSERTIONS = NO;
				ENABLE_STRICT_OBJC_MSGSEND = YES;
				GCC_C_LANGUAGE_STANDARD = gnu11;
				GCC_NO_COMMON_BLOCKS = YES;
				GCC_WARN_64_TO_32_BIT_CONVERSION = YES;
				GCC_WARN_ABOUT_RETURN_TYPE = YES_ERROR;
				GCC_WARN_UNDECLARED_SELECTOR = YES;
				GCC_WARN_UNINITIALIZED_AUTOS = YES_AGGRESSIVE;
				GCC_WARN_UNUSED_FUNCTION = YES;
				GCC_WARN_UNUSED_VARIABLE = YES;
				MACOSX_DEPLOYMENT_TARGET = 11.0;
				MTL_ENABLE_DEBUG_INFO = NO;
				MTL_FAST_MATH = YES;
				SDKROOT = macosx;
				SWIFT_COMPILATION_MODE = wholemodule;
				SWIFT_OPTIMIZATION_LEVEL = "-O";
			};
			name = Release;
		};
		49F5DF98257448BF0006E20E /* Debug */ = {
			isa = XCBuildConfiguration;
			buildSettings = {
				ASSETCATALOG_COMPILER_APPICON_NAME = AppIcon;
				ASSETCATALOG_COMPILER_GLOBAL_ACCENT_COLOR_NAME = AccentColor;
				CODE_SIGN_ENTITLEMENTS = "floating-clock/floating_clock.entitlements";
				CODE_SIGN_STYLE = Automatic;
				COMBINE_HIDPI_IMAGES = YES;
				DEVELOPMENT_ASSET_PATHS = "\"floating-clock/Preview Content\"";
				DEVELOPMENT_TEAM = "";
				ENABLE_HARDENED_RUNTIME = YES;
				ENABLE_PREVIEWS = YES;
				INFOPLIST_FILE = "floating-clock/Info.plist";
				LD_RUNPATH_SEARCH_PATHS = (
					"$(inherited)",
					"@executable_path/../Frameworks",
				);
				MACOSX_DEPLOYMENT_TARGET = 10.15;
				PRODUCT_BUNDLE_IDENTIFIER = "ca.neitsch.floating-clock";
				PRODUCT_NAME = "$(TARGET_NAME)";
				SWIFT_VERSION = 5.0;
			};
			name = Debug;
		};
		49F5DF99257448BF0006E20E /* Release */ = {
			isa = XCBuildConfiguration;
			buildSettings = {
				ASSETCATALOG_COMPILER_APPICON_NAME = AppIcon;
				ASSETCATALOG_COMPILER_GLOBAL_ACCENT_COLOR_NAME = AccentColor;
				CODE_SIGN_ENTITLEMENTS = "floating-clock/floating_clock.entitlements";
				CODE_SIGN_STYLE = Automatic;
				COMBINE_HIDPI_IMAGES = YES;
				DEVELOPMENT_ASSET_PATHS = "\"floating-clock/Preview Content\"";
				DEVELOPMENT_TEAM = "";
				ENABLE_HARDENED_RUNTIME = YES;
				ENABLE_PREVIEWS = YES;
				INFOPLIST_FILE = "floating-clock/Info.plist";
				LD_RUNPATH_SEARCH_PATHS = (
					"$(inherited)",
					"@executable_path/../Frameworks",
				);
				MACOSX_DEPLOYMENT_TARGET = 10.15;
				PRODUCT_BUNDLE_IDENTIFIER = "ca.neitsch.floating-clock";
				PRODUCT_NAME = "$(TARGET_NAME)";
				SWIFT_VERSION = 5.0;
			};
			name = Release;
		};
/* End XCBuildConfiguration section */

/* Begin XCConfigurationList section */
		49F5DF7F257448BD0006E20E /* Build configuration list for PBXProject "floating-clock" */ = {
			isa = XCConfigurationList;
			buildConfigurations = (
				49F5DF95257448BF0006E20E /* Debug */,
				49F5DF96257448BF0006E20E /* Release */,
			);
			defaultConfigurationIsVisible = 0;
			defaultConfigurationName = Release;
		};
		49F5DF97257448BF0006E20E /* Build configuration list for PBXNativeTarget "floating-clock" */ = {
			isa = XCConfigurationList;
			buildConfigurations = (
				49F5DF98257448BF0006E20E /* Debug */,
				49F5DF99257448BF0006E20E /* Release */,
			);
			defaultConfigurationIsVisible = 0;
			defaultConfigurationName = Release;
		};
/* End XCConfigurationList section */
	};
	rootObject = 49F5DF7C257448BD0006E20E /* Project object */;
}
